<?xml version="1.0" encoding="utf-8"?>
<Project ToolsVersion="4.0" xmlns="http://schemas.microsoft.com/developer/msbuild/2003">
  <ItemGroup>
    <Filter Include="Source Files">
      <UniqueIdentifier>{4FC737F1-C7A5-4376-A066-2A32D752A2FF}</UniqueIdentifier>
      <Extensions>cpp;c;cc;cxx;def;odl;idl;hpj;bat;asm;asmx</Extensions>
    </Filter>
    <Filter Include="Header Files">
      <UniqueIdentifier>{93995380-89BD-4b04-88EB-625FBE52EBFB}</UniqueIdentifier>
      <Extensions>h;hh;hpp;hxx;hm;inl;inc;xsd</Extensions>
    </Filter>
    <Filter Include="Resource Files">
      <UniqueIdentifier>{67DA6AB6-F800-4c08-8B7A-83BB121AAD01}</UniqueIdentifier>
      <Extensions>rc;ico;cur;bmp;dlg;rc2;rct;bin;rgs;gif;jpg;jpeg;jpe;resx;tiff;tif;png;wav;mfcribbon-ms</Extensions>
    </Filter>
  </ItemGroup>
  <ItemGroup>
    <Text Include="ReadMe.txt" />
  </ItemGroup>
  <ItemGroup>
    <ClInclude Include="stdafx.h">
      <Filter>Header Files</Filter>
    </ClInclude>
    <ClInclude Include="targetver.h">
      <Filter>Header Files</Filter>
    </ClInclude>
    <ClInclude Include="Resource.h">
      <Filter>Header Files</Filter>
    </ClInclude>
    <ClInclude Include="Game2016O.h">
      <Filter>Header Files</Filter>
    </ClInclude>
    <ClInclude Include="Graphics\DXBasicPainter.h">
      <Filter>Header Files</Filter>
    </ClInclude>
    <ClInclude Include="Graphics\DXManager.h">
      <Filter>Header Files</Filter>
    </ClInclude>
    <ClInclude Include="Graphics\FX.h">
      <Filter>Header Files</Filter>
    </ClInclude>
    <ClInclude Include="Graphics\ImageBMP.h">
      <Filter>Header Files</Filter>
    </ClInclude>
    <ClInclude Include="Graphics\Matrix4D.h">
      <Filter>Header Files</Filter>
    </ClInclude>
    <ClInclude Include="Graphics\Mesh.h">
      <Filter>Header Files</Filter>
    </ClInclude>
    <ClInclude Include="Graphics\MeshMathSurface.h">
      <Filter>Header Files</Filter>
    </ClInclude>
    <ClInclude Include="HSM\EventBase.h">
      <Filter>Header Files</Filter>
    </ClInclude>
    <ClInclude Include="HSM\EventListener.h">
      <Filter>Header Files</Filter>
    </ClInclude>
    <ClInclude Include="HSM\EventWin32.h">
      <Filter>Header Files</Filter>
    </ClInclude>
    <ClInclude Include="HSM\ObjectBase.h">
      <Filter>Header Files</Filter>
    </ClInclude>
    <ClInclude Include="HSM\ObjectCommand.h">
      <Filter>Header Files</Filter>
    </ClInclude>
    <ClInclude Include="HSM\ObjectStock.h">
      <Filter>Header Files</Filter>
    </ClInclude>
    <ClInclude Include="HSM\StateBase.h">
      <Filter>Header Files</Filter>
    </ClInclude>
    <ClInclude Include="HSM\StateMachineManager.h">
      <Filter>Header Files</Filter>
    </ClInclude>
    <ClInclude Include="SMain.h">
      <Filter>Header Files</Filter>
    </ClInclude>
    <ClInclude Include="SIntroduction.h">
      <Filter>Header Files</Filter>
    </ClInclude>
    <ClInclude Include="SGame.h">
      <Filter>Header Files</Filter>
    </ClInclude>
    <ClInclude Include="SMainMenu.h">
      <Filter>Header Files</Filter>
    </ClInclude>
    <ClInclude Include="Sound\SndControl.h">
      <Filter>Header Files</Filter>
    </ClInclude>
    <ClInclude Include="Sound\SndFactory.h">
      <Filter>Header Files</Filter>
    </ClInclude>
    <ClInclude Include="Sound\SndFile.h">
      <Filter>Header Files</Filter>
    </ClInclude>
    <ClInclude Include="Sound\SndFx.h">
      <Filter>Header Files</Filter>
    </ClInclude>
    <ClInclude Include="Sound\SndManager.h">
      <Filter>Header Files</Filter>
    </ClInclude>
    <ClInclude Include="Sound\SndObject.h">
      <Filter>Header Files</Filter>
    </ClInclude>
    <ClInclude Include="Input\InputManager.h">
      <Filter>Header Files</Filter>
    </ClInclude>
    <ClInclude Include="InputProcessor.h">
      <Filter>Header Files</Filter>
    </ClInclude>
    <ClInclude Include="ActionEvent.h">
      <Filter>Header Files</Filter>
    </ClInclude>
    <ClInclude Include="NetProcessor.h">
      <Filter>Header Files</Filter>
    </ClInclude>
    <ClInclude Include="DXTextRenderer.h">
      <Filter>Header Files</Filter>
    </ClInclude>
    <ClInclude Include="BlenderImporter.h">
      <Filter>Header Files</Filter>
    </ClInclude>
    <ClInclude Include="Camera.h">
      <Filter>Header Files</Filter>
    </ClInclude>
    <ClInclude Include="ScenarioObject.h">
      <Filter>Header Files</Filter>
    </ClInclude>
    <ClInclude Include="Scenario.h">
      <Filter>Header Files</Filter>
    </ClInclude>
    <ClInclude Include="Hen.h">
      <Filter>Header Files</Filter>
    </ClInclude>
    <ClInclude Include="Barn.h">
      <Filter>Header Files</Filter>
    </ClInclude>
    <ClInclude Include="ScenarioPosition.h">
      <Filter>Header Files</Filter>
    </ClInclude>
    <ClInclude Include="JumpingHen.h">
      <Filter>Header Files</Filter>
    </ClInclude>
  </ItemGroup>
  <ItemGroup>
    <ClCompile Include="stdafx.cpp">
      <Filter>Source Files</Filter>
    </ClCompile>
    <ClCompile Include="Game2016O.cpp">
      <Filter>Source Files</Filter>
    </ClCompile>
    <ClCompile Include="Graphics\DXBasicPainter.cpp">
      <Filter>Source Files</Filter>
    </ClCompile>
    <ClCompile Include="Graphics\DXManager.cpp">
      <Filter>Source Files</Filter>
    </ClCompile>
    <ClCompile Include="Graphics\FX.cpp">
      <Filter>Source Files</Filter>
    </ClCompile>
    <ClCompile Include="Graphics\ImageBMP.cpp">
      <Filter>Source Files</Filter>
    </ClCompile>
    <ClCompile Include="Graphics\Matrix4D.cpp">
      <Filter>Source Files</Filter>
    </ClCompile>
    <ClCompile Include="Graphics\Mesh.cpp">
      <Filter>Source Files</Filter>
    </ClCompile>
    <ClCompile Include="Graphics\MeshMathSurface.cpp">
      <Filter>Source Files</Filter>
    </ClCompile>
    <ClCompile Include="HSM\EventBase.cpp">
      <Filter>Source Files</Filter>
    </ClCompile>
    <ClCompile Include="HSM\EventListener.cpp">
      <Filter>Source Files</Filter>
    </ClCompile>
    <ClCompile Include="HSM\EventWin32.cpp">
      <Filter>Source Files</Filter>
    </ClCompile>
    <ClCompile Include="HSM\ObjectBase.cpp">
      <Filter>Source Files</Filter>
    </ClCompile>
    <ClCompile Include="HSM\ObjectCommand.cpp">
      <Filter>Source Files</Filter>
    </ClCompile>
    <ClCompile Include="HSM\ObjectStock.cpp">
      <Filter>Source Files</Filter>
    </ClCompile>
    <ClCompile Include="HSM\StateBase.cpp">
      <Filter>Source Files</Filter>
    </ClCompile>
    <ClCompile Include="HSM\StateMachineManager.cpp">
      <Filter>Source Files</Filter>
    </ClCompile>
    <ClCompile Include="SMain.cpp">
      <Filter>Source Files</Filter>
    </ClCompile>
    <ClCompile Include="SIntroduction.cpp">
      <Filter>Source Files</Filter>
    </ClCompile>
    <ClCompile Include="SGame.cpp">
      <Filter>Source Files</Filter>
    </ClCompile>
    <ClCompile Include="SMainMenu.cpp">
      <Filter>Source Files</Filter>
    </ClCompile>
    <ClCompile Include="Sound\SndControl.cpp">
      <Filter>Source Files</Filter>
    </ClCompile>
    <ClCompile Include="Sound\SndFactory.cpp">
      <Filter>Source Files</Filter>
    </ClCompile>
    <ClCompile Include="Sound\SndFx.cpp">
      <Filter>Source Files</Filter>
    </ClCompile>
    <ClCompile Include="Sound\SndManager.cpp">
      <Filter>Source Files</Filter>
    </ClCompile>
    <ClCompile Include="Sound\SndObject.cpp">
      <Filter>Source Files</Filter>
    </ClCompile>
    <ClCompile Include="Input\InputManager.cpp">
      <Filter>Source Files</Filter>
    </ClCompile>
    <ClCompile Include="InputProcessor.cpp">
      <Filter>Source Files</Filter>
    </ClCompile>
    <ClCompile Include="ActionEvent.cpp">
      <Filter>Source Files</Filter>
    </ClCompile>
    <ClCompile Include="NetProcessor.cpp">
      <Filter>Source Files</Filter>
    </ClCompile>
    <ClCompile Include="DXTextRenderer.cpp">
      <Filter>Source Files</Filter>
    </ClCompile>
    <ClCompile Include="BlenderImporter.cpp">
      <Filter>Source Files</Filter>
    </ClCompile>
    <ClCompile Include="Camera.cpp">
      <Filter>Source Files</Filter>
    </ClCompile>
    <ClCompile Include="ScenarioObject.cpp">
      <Filter>Source Files</Filter>
    </ClCompile>
    <ClCompile Include="Scenario.cpp">
      <Filter>Source Files</Filter>
    </ClCompile>
    <ClCompile Include="Hen.cpp">
      <Filter>Source Files</Filter>
    </ClCompile>
    <ClCompile Include="Barn.cpp">
      <Filter>Source Files</Filter>
    </ClCompile>
    <ClCompile Include="ScenarioPosition.cpp">
      <Filter>Source Files</Filter>
    </ClCompile>
    <ClCompile Include="JumpingHen.cpp">
      <Filter>Source Files</Filter>
    </ClCompile>
  </ItemGroup>
  <ItemGroup>
    <ResourceCompile Include="Game2016O.rc">
      <Filter>Resource Files</Filter>
    </ResourceCompile>
  </ItemGroup>
  <ItemGroup>
    <Image Include="small.ico">
      <Filter>Resource Files</Filter>
    </Image>
    <Image Include="Game2016O.ico">
      <Filter>Resource Files</Filter>
    </Image>
  </ItemGroup>
</Project>